<?xml version="1.0" encoding="utf-8"?>
<Project ToolsVersion="4.0" xmlns="http://schemas.microsoft.com/developer/msbuild/2003">
  <ItemGroup>
    <Filter Include="Source Files">
      <UniqueIdentifier>{4FC737F1-C7A5-4376-A066-2A32D752A2FF}</UniqueIdentifier>
      <Extensions>cpp;c;cc;cxx;c++;cppm;ixx;def;odl;idl;hpj;bat;asm;asmx</Extensions>
    </Filter>
    <Filter Include="Header Files">
      <UniqueIdentifier>{93995380-89BD-4b04-88EB-625FBE52EBFB}</UniqueIdentifier>
      <Extensions>h;hh;hpp;hxx;h++;hm;inl;inc;ipp;xsd</Extensions>
    </Filter>
    <Filter Include="Source Files\ImGui">
      <UniqueIdentifier>{8c7b985b-95d6-45a4-87e9-841c54763763}</UniqueIdentifier>
    </Filter>
    <Filter Include="Header Files\ECS">
      <UniqueIdentifier>{cff22868-7a7f-4280-b450-fca632595ac8}</UniqueIdentifier>
    </Filter>
    <Filter Include="Header Files\ECS\component">
      <UniqueIdentifier>{da44418a-1a5a-4438-b891-a1c509c41be7}</UniqueIdentifier>
    </Filter>
    <Filter Include="Header Files\ECS\component\components">
      <UniqueIdentifier>{59f164f7-e97c-4ab2-a959-b8609e5337c7}</UniqueIdentifier>
    </Filter>
    <Filter Include="Header Files\ECS\system">
      <UniqueIdentifier>{0eb4d73a-6d61-486e-b668-f0bd93e69ff9}</UniqueIdentifier>
    </Filter>
    <Filter Include="Header Files\ECS\system\systems">
      <UniqueIdentifier>{0b1f9061-a010-4f2d-9c34-3b512eba1b96}</UniqueIdentifier>
    </Filter>
    <Filter Include="Header Files\util">
      <UniqueIdentifier>{1dd91bfb-e1e6-4445-b390-6122d5620a81}</UniqueIdentifier>
    </Filter>
    <Filter Include="Header Files\core">
      <UniqueIdentifier>{9a9c27bc-bc8a-4ea0-917e-cb028ba04c6c}</UniqueIdentifier>
    </Filter>
    <Filter Include="Header Files\core\tpl">
      <UniqueIdentifier>{414a96d3-a40d-4608-a691-29b9f9defbfb}</UniqueIdentifier>
    </Filter>
    <Filter Include="assets">
      <UniqueIdentifier>{0bed5ab1-5ed8-45e2-9896-f6821786918c}</UniqueIdentifier>
    </Filter>
    <Filter Include="assets\textures">
      <UniqueIdentifier>{cc0215ec-b2c0-4f1f-8fef-13f4bc8821eb}</UniqueIdentifier>
    </Filter>
    <Filter Include="Header Files\scene">
      <UniqueIdentifier>{6c4be3f1-f445-4228-92b7-733047cd0ab6}</UniqueIdentifier>
    </Filter>
    <Filter Include="Header Files\scene\scenes">
      <UniqueIdentifier>{fb03eae6-9654-4eea-ade7-09bd8120660d}</UniqueIdentifier>
    </Filter>
    <Filter Include="assets\fonts">
      <UniqueIdentifier>{c31f0a70-9fb2-4682-906f-3f77a7d94afc}</UniqueIdentifier>
    </Filter>
    <Filter Include="Header Files\action">
      <UniqueIdentifier>{746686f6-15ad-490e-9e68-a9ef9b098e47}</UniqueIdentifier>
    </Filter>
    <Filter Include="Header Files\action\tpl">
      <UniqueIdentifier>{f0fadc6b-25de-4d3b-ba98-d45db5f1b302}</UniqueIdentifier>
    </Filter>
    <Filter Include="assets\data">
      <UniqueIdentifier>{cdbfd042-ae46-41a3-9585-644f23ab37ae}</UniqueIdentifier>
    </Filter>
    <Filter Include="Header Files\level">
      <UniqueIdentifier>{cba0ee6d-8e4e-41cd-b687-c7dd93b574d7}</UniqueIdentifier>
    </Filter>
    <Filter Include="assets\data\animations">
      <UniqueIdentifier>{bd831fb8-a734-461e-bac7-d514c4e7b906}</UniqueIdentifier>
    </Filter>
    <Filter Include="Header Files\player">
      <UniqueIdentifier>{3d5eba31-1f69-41a9-af2b-8fd13027ab2f}</UniqueIdentifier>
    </Filter>
    <Filter Include="Header Files\gamestate">
      <UniqueIdentifier>{b7f90b97-e08f-4929-b722-be311c38e3a6}</UniqueIdentifier>
    </Filter>
    <Filter Include="Header Files\gamestate\gamestates">
      <UniqueIdentifier>{c49313a5-54f2-48d1-bc2c-30161c57672a}</UniqueIdentifier>
    </Filter>
  </ItemGroup>
  <ItemGroup>
    <ClCompile Include="main.cpp">
      <Filter>Source Files</Filter>
    </ClCompile>
    <ClCompile Include="..\..\..\..\..\..\sdks\SFML_ImGUI\imgui.cpp">
      <Filter>Source Files\ImGui</Filter>
    </ClCompile>
    <ClCompile Include="..\..\..\..\..\..\sdks\SFML_ImGUI\imgui_demo.cpp">
      <Filter>Source Files\ImGui</Filter>
    </ClCompile>
    <ClCompile Include="..\..\..\..\..\..\sdks\SFML_ImGUI\imgui_draw.cpp">
      <Filter>Source Files\ImGui</Filter>
    </ClCompile>
    <ClCompile Include="..\..\..\..\..\..\sdks\SFML_ImGUI\imgui_widgets.cpp">
      <Filter>Source Files\ImGui</Filter>
    </ClCompile>
    <ClCompile Include="..\..\..\..\..\..\sdks\imgui-sfml-2.6.x\imgui-SFML.cpp">
      <Filter>Source Files\ImGui</Filter>
    </ClCompile>
    <ClCompile Include="..\..\..\..\..\..\sdks\SFML_ImGUI\imgui_tables.cpp">
      <Filter>Source Files\ImGui</Filter>
    </ClCompile>
    <ClCompile Include="include\level\Tilemap.cpp">
      <Filter>Header Files\level</Filter>
    </ClCompile>
    <ClCompile Include="include\action\Action.cpp">
      <Filter>Header Files\action</Filter>
    </ClCompile>
    <ClCompile Include="include\core\GameEngine.cpp">
      <Filter>Header Files\core</Filter>
    </ClCompile>
    <ClCompile Include="include\core\Config.cpp">
      <Filter>Header Files\core</Filter>
    </ClCompile>
    <ClCompile Include="include\core\Game.cpp">
      <Filter>Header Files\core</Filter>
    </ClCompile>
    <ClCompile Include="include\ECS\EntityManager.cpp">
      <Filter>Header Files\ECS</Filter>
    </ClCompile>
    <ClCompile Include="include\ECS\Factories.cpp">
      <Filter>Header Files\ECS</Filter>
    </ClCompile>
    <ClCompile Include="include\scene\scenes\Title.cpp">
      <Filter>Header Files\scene\scenes</Filter>
    </ClCompile>
    <ClCompile Include="include\scene\scenes\Play.cpp">
      <Filter>Header Files\scene\scenes</Filter>
    </ClCompile>
    <ClCompile Include="include\ECS\system\systems\InputSystem.cpp">
      <Filter>Header Files\ECS\system\systems</Filter>
    </ClCompile>
    <ClCompile Include="include\util\Physics.cpp">
      <Filter>Header Files\util</Filter>
    </ClCompile>
    <ClCompile Include="include\util\Vec2.cpp">
      <Filter>Header Files\util</Filter>
    </ClCompile>
    <ClCompile Include="include\ECS\Entity.cpp">
      <Filter>Header Files\ECS</Filter>
    </ClCompile>
    <ClCompile Include="include\ECS\Animation.cpp">
      <Filter>Header Files\ECS</Filter>
    </ClCompile>
    <ClCompile Include="include\ECS\component\components\cMaster.cpp">
      <Filter>Header Files\ECS\component\components</Filter>
    </ClCompile>
    <ClCompile Include="include\player\IdleState.cpp">
      <Filter>Header Files\player</Filter>
    </ClCompile>
    <ClCompile Include="include\player\JumpingShootingState.cpp">
      <Filter>Header Files\player</Filter>
    </ClCompile>
    <ClCompile Include="include\player\JumpingState.cpp">
      <Filter>Header Files\player</Filter>
    </ClCompile>
    <ClCompile Include="include\player\PlayerState.cpp">
      <Filter>Header Files\player</Filter>
    </ClCompile>
    <ClCompile Include="include\player\RunningShootingState.cpp">
      <Filter>Header Files\player</Filter>
    </ClCompile>
    <ClCompile Include="include\player\RunningState.cpp">
      <Filter>Header Files\player</Filter>
    </ClCompile>
    <ClCompile Include="include\player\ShootingState.cpp">
      <Filter>Header Files\player</Filter>
    </ClCompile>
    <ClCompile Include="include\player\Input.cpp">
      <Filter>Header Files\player</Filter>
    </ClCompile>
    <ClCompile Include="include\player\Player.cpp">
      <Filter>Header Files\player</Filter>
    </ClCompile>
    <ClCompile Include="include\ECS\system\System.cpp">
      <Filter>Header Files\ECS\system</Filter>
    </ClCompile>
    <ClCompile Include="include\scene\Scene.cpp">
      <Filter>Header Files\scene</Filter>
    </ClCompile>
    <ClCompile Include="include\gamestate\gamestates\PlayState.cpp">
      <Filter>Header Files\gamestate\gamestates</Filter>
    </ClCompile>
    <ClCompile Include="include\gamestate\gamestates\TitleState.cpp">
      <Filter>Header Files\gamestate\gamestates</Filter>
    </ClCompile>
    <ClCompile Include="include\gamestate\GameState.cpp">
      <Filter>Header Files\gamestate</Filter>
    </ClCompile>
  </ItemGroup>
  <ItemGroup>
    <ClInclude Include="include\ECS\Entity.hpp">
      <Filter>Header Files\ECS</Filter>
    </ClInclude>
    <ClInclude Include="include\ECS\Component\Component.hpp">
      <Filter>Header Files\ECS\component</Filter>
    </ClInclude>
    <ClInclude Include="include\util\Vec2.hpp">
      <Filter>Header Files\util</Filter>
    </ClInclude>
    <ClInclude Include="include\ECS\component\components\Components.hpp">
      <Filter>Header Files\ECS\component\components</Filter>
    </ClInclude>
    <ClInclude Include="include\ECS\system\System.hpp">
      <Filter>Header Files\ECS\system</Filter>
    </ClInclude>
    <ClInclude Include="include\ECS\EntityManager.hpp">
      <Filter>Header Files\ECS</Filter>
    </ClInclude>
    <ClInclude Include="include\core\GameEngine.hpp">
      <Filter>Header Files\core</Filter>
    </ClInclude>
    <ClInclude Include="include\ECS\system\systems\InputSystem.hpp">
      <Filter>Header Files\ECS\system\systems</Filter>
    </ClInclude>
    <ClInclude Include="include\ECS\Factories.hpp">
      <Filter>Header Files\ECS</Filter>
    </ClInclude>
    <ClInclude Include="include\core\Game.hpp">
      <Filter>Header Files\core</Filter>
    </ClInclude>
    <ClInclude Include="include\core\Config.hpp">
      <Filter>Header Files\core</Filter>
    </ClInclude>
    <ClInclude Include="include\core\ResourceManager.hpp">
      <Filter>Header Files\core</Filter>
    </ClInclude>
    <ClInclude Include="include\scene\Scene.hpp">
      <Filter>Header Files\scene</Filter>
    </ClInclude>
    <ClInclude Include="include\scene\scenes\Play.hpp">
      <Filter>Header Files\scene\scenes</Filter>
    </ClInclude>
    <ClInclude Include="include\scene\scenes\Title.hpp">
      <Filter>Header Files\scene\scenes</Filter>
    </ClInclude>
    <ClInclude Include="include\ECS\Animation.hpp">
      <Filter>Header Files\ECS</Filter>
    </ClInclude>
    <ClInclude Include="include\util\Physics.hpp">
      <Filter>Header Files\util</Filter>
    </ClInclude>
    <ClInclude Include="include\action\Action.hpp">
      <Filter>Header Files\action</Filter>
    </ClInclude>
    <ClInclude Include="include\action\ActionMap.hpp">
      <Filter>Header Files\action</Filter>
    </ClInclude>
    <ClInclude Include="include\action\ActionTarget.hpp">
      <Filter>Header Files\action</Filter>
    </ClInclude>
    <ClInclude Include="include\level\Tilemap.hpp">
      <Filter>Header Files\level</Filter>
    </ClInclude>
    <ClInclude Include="include\ECS\component\components\cMaster.hpp">
      <Filter>Header Files\ECS\component\components</Filter>
    </ClInclude>
    <ClInclude Include="include\util\EntStates.hpp">
      <Filter>Header Files\util</Filter>
    </ClInclude>
    <ClInclude Include="include\player\IdleState.hpp">
      <Filter>Header Files\player</Filter>
    </ClInclude>
    <ClInclude Include="include\player\JumpingShootingState.hpp">
      <Filter>Header Files\player</Filter>
    </ClInclude>
    <ClInclude Include="include\player\JumpingState.hpp">
      <Filter>Header Files\player</Filter>
    </ClInclude>
    <ClInclude Include="include\player\PlayerState.hpp">
      <Filter>Header Files\player</Filter>
    </ClInclude>
    <ClInclude Include="include\player\RunningShootingState.hpp">
      <Filter>Header Files\player</Filter>
    </ClInclude>
    <ClInclude Include="include\player\RunningState.hpp">
      <Filter>Header Files\player</Filter>
    </ClInclude>
    <ClInclude Include="include\player\ShootingState.hpp">
      <Filter>Header Files\player</Filter>
    </ClInclude>
    <ClInclude Include="include\player\Input.hpp">
      <Filter>Header Files\player</Filter>
    </ClInclude>
    <ClInclude Include="include\player\Player.hpp">
      <Filter>Header Files\player</Filter>
    </ClInclude>
    <ClInclude Include="include\player\PlayerInput.hpp">
      <Filter>Header Files\player</Filter>
    </ClInclude>
    <ClInclude Include="include\util\BBox.hpp">
      <Filter>Header Files\util</Filter>
    </ClInclude>
    <ClInclude Include="include\gamestate\gamestates\PlayState.hpp">
      <Filter>Header Files\gamestate\gamestates</Filter>
    </ClInclude>
    <ClInclude Include="include\gamestate\gamestates\TitleState.hpp">
      <Filter>Header Files\gamestate\gamestates</Filter>
    </ClInclude>
    <ClInclude Include="include\gamestate\GameState.hpp">
      <Filter>Header Files\gamestate</Filter>
    </ClInclude>
  </ItemGroup>
  <ItemGroup>
    <None Include="include\core\tpl\ResourceManager.tpl">
      <Filter>Header Files\core\tpl</Filter>
    </None>
    <None Include="include\action\tpl\ActionMap.tpl">
      <Filter>Header Files\action\tpl</Filter>
    </None>
    <None Include="include\action\tpl\ActionTarget.tpl">
      <Filter>Header Files\action\tpl</Filter>
    </None>
    <None Include="assets\data\animations\player.anim">
      <Filter>assets\data\animations</Filter>
    </None>
  </ItemGroup>
  <ItemGroup>
    <Image Include="assets\textures\player_atlas.png">
      <Filter>assets\textures</Filter>
    </Image>
    <Image Include="assets\textures\player_atlas84x84.png">
      <Filter>assets\textures</Filter>
    </Image>
    <Image Include="assets\textures\TitleScreen.jpg">
      <Filter>assets\textures</Filter>
    </Image>
    <Image Include="assets\textures\select.png">
      <Filter>assets\textures</Filter>
    </Image>
    <Image Include="assets\textures\spear.png">
      <Filter>assets\textures</Filter>
    </Image>
    <Image Include="assets\textures\crateria64.png">
      <Filter>assets\textures</Filter>
    </Image>
  </ItemGroup>
  <ItemGroup>
    <Font Include="assets\fonts\Fira.otf">
      <Filter>assets\fonts</Filter>
    </Font>
  </ItemGroup>
</Project>